
Microsoft Visual Studio Solution File, Format Version 12.00
# Visual Studio 15
VisualStudioVersion = 15.0.28307.902
MinimumVisualStudioVersion = 10.0.40219.1
Project("{FAE04EC0-301F-11D3-BF4B-00C04F79EFBC}") = "IMS-UI", "IMS-UI\IMS-UI.csproj", "{E5611419-C32C-477E-B8B5-FDD6A0C2931F}"
EndProject
Global
	GlobalSection(SolutionConfigurationPlatforms) = preSolution
		Debug|Any CPU = Debug|Any CPU
		Release|Any CPU = Release|Any CPU
	EndGlobalSection
	GlobalSection(ProjectConfigurationPlatforms) = postSolution
		{E5611419-C32C-477E-B8B5-FDD6A0C2931F}.Debug|Any CPU.ActiveCfg = Debug|Any CPU
		{E5611419-C32C-477E-B8B5-FDD6A0C2931F}.Debug|Any CPU.Build.0 = Debug|Any CPU
		{E5611419-C32C-477E-B8B5-FDD6A0C2931F}.Release|Any CPU.ActiveCfg = Release|Any CPU
		{E5611419-C32C-477E-B8B5-FDD6A0C2931F}.Release|Any CPU.Build.0 = Release|Any CPU
	EndGlobalSection
	GlobalSection(SolutionProperties) = preSolution
		HideSolutionNode = FALSE
	EndGlobalSection
	GlobalSection(ExtensibilityGlobals) = postSolution
		SolutionGuid = {C23D620D-E2C0-49C8-B34A-5A9B6A6C0E3F}
	EndGlobalSection
EndGlobal
